{
  "name": "app-dir",
  "version": "1.0.0",
  "lockfileVersion": 2,
  "requires": true,
  "packages": {
    "": {
      "name": "app-dir",
      "version": "1.0.0",
      "license": "MIT",
      "dependencies": {
        "nanoid": "^2.1.11",
        "next": "^12.3.2-canary.7",
        "react": "^0.0.0-experimental-d1bb1c586-20220922",
        "react-dom": "^0.0.0-experimental-d1bb1c586-20220922"
      }
    },
    "node_modules/@next/env": {
      "version": "12.3.2-canary.7",
      "resolved": "https://registry.npmjs.org/@next/env/-/env-12.3.2-canary.7.tgz",
      "integrity": "sha512-uk5yDvh8ra8PlIczZBTZKyt5Rf6a6mH2tGB3hwRAXD5hVLd74LzBQza2aYMEcDlRafAknsbL0dnqI3CkFYat9w=="
    },
    "node_modules/@next/swc-android-arm-eabi": {
      "version": "12.3.2-canary.7",
      "resolved": "https://registry.npmjs.org/@next/swc-android-arm-eabi/-/swc-android-arm-eabi-12.3.2-canary.7.tgz",
      "integrity": "sha512-pusM/ylasGBweiwhINtqWCgy5bOjLmIctFD0etpmh9+DqCg09yu58hJ1Dn/UTW8EbB1nkTP1z3dEoMKLh4fV2A==",
      "cpu": [
        "arm"
      ],
      "optional": true,
      "os": [
        "android"
      ],
      "engines": {
        "node": ">= 10"
      }
    },
    "node_modules/@next/swc-android-arm64": {
      "version": "12.3.2-canary.7",
      "resolved": "https://registry.npmjs.org/@next/swc-android-arm64/-/swc-android-arm64-12.3.2-canary.7.tgz",
      "integrity": "sha512-x11T0ocPE9xrnqMeDzUMepN3P8CHIN8iiLgiFkbTbKTbSciuH3juOvKggJO9APZRG5Ch5eePWcCy2gHedAbhnA==",
      "cpu": [
        "arm64"
      ],
      "optional": true,
      "os": [
        "android"
      ],
      "engines": {
        "node": ">= 10"
      }
    },
    "node_modules/@next/swc-darwin-arm64": {
      "version": "12.3.2-canary.7",
      "resolved": "https://registry.npmjs.org/@next/swc-darwin-arm64/-/swc-darwin-arm64-12.3.2-canary.7.tgz",
      "integrity": "sha512-tcO9hDaMfcbiaZp1B+HZcLzGGs36dnmjQ0YXyn6C88HEUoKyxanYleVHtTmWHlgsxxjZdDd/RzOze1ycWs2oXw==",
      "cpu": [
        "arm64"
      ],
      "optional": true,
      "os": [
        "darwin"
      ],
      "engines": {
        "node": ">= 10"
      }
    },
    "node_modules/@next/swc-darwin-x64": {
      "version": "12.3.2-canary.7",
      "resolved": "https://registry.npmjs.org/@next/swc-darwin-x64/-/swc-darwin-x64-12.3.2-canary.7.tgz",
      "integrity": "sha512-WjAyU67zj69nRM2GNAnBLvghq4EHTyDzMO02GjG6yexVhDvkE0OFlvh0BQLI3DIOz+B3RjJRcW3OoHi8XzW9UA==",
      "cpu": [
        "x64"
      ],
      "optional": true,
      "os": [
        "darwin"
      ],
      "engines": {
        "node": ">= 10"
      }
    },
    "node_modules/@next/swc-freebsd-x64": {
      "version": "12.3.2-canary.7",
      "resolved": "https://registry.npmjs.org/@next/swc-freebsd-x64/-/swc-freebsd-x64-12.3.2-canary.7.tgz",
      "integrity": "sha512-cQrdPCMhP1Mc+pIt16FlC5BVgcXzLXRlm7qZ7wBRKG6r/IIIn/qNRFgQQcB3iyvfNZo7lURLKcfsxNmMGclldQ==",
      "cpu": [
        "x64"
      ],
      "optional": true,
      "os": [
        "freebsd"
      ],
      "engines": {
        "node": ">= 10"
      }
    },
    "node_modules/@next/swc-linux-arm-gnueabihf": {
      "version": "12.3.2-canary.7",
      "resolved": "https://registry.npmjs.org/@next/swc-linux-arm-gnueabihf/-/swc-linux-arm-gnueabihf-12.3.2-canary.7.tgz",
      "integrity": "sha512-LEL+dUe10FhQHyXq9Mul5pOJwKDtrAylh9chktWf8eFr14j/YrfPbkLHv1+tCK8brDV3afVJMl0IpoCo75Yfyg==",
      "cpu": [
        "arm"
      ],
      "optional": true,
      "os": [
        "linux"
      ],
      "engines": {
        "node": ">= 10"
      }
    },
    "node_modules/@next/swc-linux-arm64-gnu": {
      "version": "12.3.2-canary.7",
      "resolved": "https://registry.npmjs.org/@next/swc-linux-arm64-gnu/-/swc-linux-arm64-gnu-12.3.2-canary.7.tgz",
      "integrity": "sha512-mbDqHk3C76UGIzkOv+G5NslKiSYIXyWQwbkuty0+0wLVJttWjWi2dMN7DFJQPMNvBefU9/vxVJdUnGVGEZfUXw==",
      "cpu": [
        "arm64"
      ],
      "optional": true,
      "os": [
        "linux"
      ],
      "engines": {
        "node": ">= 10"
      }
    },
    "node_modules/@next/swc-linux-arm64-musl": {
      "version": "12.3.2-canary.7",
      "resolved": "https://registry.npmjs.org/@next/swc-linux-arm64-musl/-/swc-linux-arm64-musl-12.3.2-canary.7.tgz",
      "integrity": "sha512-gJ3VQHuqb3ABiOKPxfWAJQdO4mp3yNnWIAPN8n52F7Zu38udbHXvcbIylWfQW/Qah+RRf7P7y2txH2kC07QOPA==",
      "cpu": [
        "arm64"
      ],
      "optional": true,
      "os": [
        "linux"
      ],
      "engines": {
        "node": ">= 10"
      }
    },
    "node_modules/@next/swc-linux-x64-gnu": {
      "version": "12.3.2-canary.7",
      "resolved": "https://registry.npmjs.org/@next/swc-linux-x64-gnu/-/swc-linux-x64-gnu-12.3.2-canary.7.tgz",
      "integrity": "sha512-/PBLiC+JfMJIzwMCQaSQgnLoIOjdSjTA9zarj2Kk1eCLjH8/VnsfBWtmP7TdbgIRYnZ8QKb4HXSOq94ZQS/fkw==",
      "cpu": [
        "x64"
      ],
      "optional": true,
      "os": [
        "linux"
      ],
      "engines": {
        "node": ">= 10"
      }
    },
    "node_modules/@next/swc-linux-x64-musl": {
      "version": "12.3.2-canary.7",
      "resolved": "https://registry.npmjs.org/@next/swc-linux-x64-musl/-/swc-linux-x64-musl-12.3.2-canary.7.tgz",
      "integrity": "sha512-Bf3goHoUd0SB58sVTMva0ByoLM+aEhm5YJRqsi7SsOAu9EAQwYfWgY2Hx60ah5i1N4ihYK0xjs8kwlfdDVOuow==",
      "cpu": [
        "x64"
      ],
      "optional": true,
      "os": [
        "linux"
      ],
      "engines": {
        "node": ">= 10"
      }
    },
    "node_modules/@next/swc-win32-arm64-msvc": {
      "version": "12.3.2-canary.7",
      "resolved": "https://registry.npmjs.org/@next/swc-win32-arm64-msvc/-/swc-win32-arm64-msvc-12.3.2-canary.7.tgz",
      "integrity": "sha512-aPRQ4dY5MuLgHCVdY+/Grgg4oX38pG4S0sT8mpatK3oIdjhj3961cj33QpPAy6dhhCs8m0/eCWYmM9KKlAAUsg==",
      "cpu": [
        "arm64"
      ],
      "optional": true,
      "os": [
        "win32"
      ],
      "engines": {
        "node": ">= 10"
      }
    },
    "node_modules/@next/swc-win32-ia32-msvc": {
      "version": "12.3.2-canary.7",
      "resolved": "https://registry.npmjs.org/@next/swc-win32-ia32-msvc/-/swc-win32-ia32-msvc-12.3.2-canary.7.tgz",
      "integrity": "sha512-hr+TBDICVezyn0HDK4QootalbcuLj9F8qUzZZAw3gHz16rUDpqpnlRjw3RC99AzkKL7qMsdR/+SwnBlBY7ZK7Q==",
      "cpu": [
        "ia32"
      ],
      "optional": true,
      "os": [
        "win32"
      ],
      "engines": {
        "node": ">= 10"
      }
    },
    "node_modules/@next/swc-win32-x64-msvc": {
      "version": "12.3.2-canary.7",
      "resolved": "https://registry.npmjs.org/@next/swc-win32-x64-msvc/-/swc-win32-x64-msvc-12.3.2-canary.7.tgz",
      "integrity": "sha512-1n29b6meb54h/Mw/1xPoJB682nWbtEsUQo7rFJ6G44Nj3fYFXe+XOWQxWu6Sl8yvdBXcZRhRCHuAZGqYtmqorQ==",
      "cpu": [
        "x64"
      ],
      "optional": true,
      "os": [
        "win32"
      ],
      "engines": {
        "node": ">= 10"
      }
    },
    "node_modules/@swc/helpers": {
      "version": "0.4.11",
      "resolved": "https://registry.npmjs.org/@swc/helpers/-/helpers-0.4.11.tgz",
      "integrity": "sha512-rEUrBSGIoSFuYxwBYtlUFMlE2CwGhmW+w9355/5oduSw8e5h2+Tj4UrAGNNgP9915++wj5vkQo0UuOBqOAq4nw==",
      "dependencies": {
        "tslib": "^2.4.0"
      }
    },
    "node_modules/caniuse-lite": {
      "version": "1.0.30001410",
      "resolved": "https://registry.npmjs.org/caniuse-lite/-/caniuse-lite-1.0.30001410.tgz",
      "integrity": "sha512-QoblBnuE+rG0lc3Ur9ltP5q47lbguipa/ncNMyyGuqPk44FxbScWAeEO+k5fSQ8WekdAK4mWqNs1rADDAiN5xQ==",
      "funding": [
        {
          "type": "opencollective",
          "url": "https://opencollective.com/browserslist"
        },
        {
          "type": "tidelift",
          "url": "https://tidelift.com/funding/github/npm/caniuse-lite"
        }
      ]
    },
    "node_modules/js-tokens": {
      "version": "4.0.0",
      "resolved": "https://registry.npmjs.org/js-tokens/-/js-tokens-4.0.0.tgz",
      "integrity": "sha512-RdJUflcE3cUzKiMqQgsCu06FPu9UdIJO0beYbPhHN4k6apgJtifcoCtT9bcxOpYBtpD2kCM6Sbzg4CausW/PKQ=="
    },
    "node_modules/loose-envify": {
      "version": "1.4.0",
      "resolved": "https://registry.npmjs.org/loose-envify/-/loose-envify-1.4.0.tgz",
      "integrity": "sha512-lyuxPGr/Wfhrlem2CL/UcnUc1zcqKAImBDzukY7Y5F/yQiNdko6+fRLevlw1HgMySw7f611UIY408EtxRSoK3Q==",
      "dependencies": {
        "js-tokens": "^3.0.0 || ^4.0.0"
      },
      "bin": {
        "loose-envify": "cli.js"
      }
    },
    "node_modules/nanoid": {
      "version": "2.1.11",
      "resolved": "https://registry.npmjs.org/nanoid/-/nanoid-2.1.11.tgz",
      "integrity": "sha512-s/snB+WGm6uwi0WjsZdaVcuf3KJXlfGl2LcxgwkEwJF0D/BWzVWAZW/XY4bFaiR7s0Jk3FPvlnepg1H1b1UwlA=="
    },
    "node_modules/next": {
      "version": "12.3.2-canary.7",
      "resolved": "https://registry.npmjs.org/next/-/next-12.3.2-canary.7.tgz",
      "integrity": "sha512-zUosveWzpeRVy7j4ANoJ4gu0TBrkLYwPlIUEXrqqs/zLpHMu+tanxA1R1ts2d7h/2dSmeVZgGcHiVcHj5uspEA==",
      "dependencies": {
        "@next/env": "12.3.2-canary.7",
        "@swc/helpers": "0.4.11",
        "caniuse-lite": "^1.0.30001406",
        "postcss": "8.4.14",
        "styled-jsx": "5.0.7",
        "use-sync-external-store": "1.2.0"
      },
      "bin": {
        "next": "dist/bin/next"
      },
      "engines": {
        "node": ">=12.22.0"
      },
      "optionalDependencies": {
        "@next/swc-android-arm-eabi": "12.3.2-canary.7",
        "@next/swc-android-arm64": "12.3.2-canary.7",
        "@next/swc-darwin-arm64": "12.3.2-canary.7",
        "@next/swc-darwin-x64": "12.3.2-canary.7",
        "@next/swc-freebsd-x64": "12.3.2-canary.7",
        "@next/swc-linux-arm-gnueabihf": "12.3.2-canary.7",
        "@next/swc-linux-arm64-gnu": "12.3.2-canary.7",
        "@next/swc-linux-arm64-musl": "12.3.2-canary.7",
        "@next/swc-linux-x64-gnu": "12.3.2-canary.7",
        "@next/swc-linux-x64-musl": "12.3.2-canary.7",
        "@next/swc-win32-arm64-msvc": "12.3.2-canary.7",
        "@next/swc-win32-ia32-msvc": "12.3.2-canary.7",
        "@next/swc-win32-x64-msvc": "12.3.2-canary.7"
      },
      "peerDependencies": {
        "fibers": ">= 3.1.0",
        "node-sass": "^6.0.0 || ^7.0.0",
        "react": "^17.0.2 || ^18.0.0-0",
        "react-dom": "^17.0.2 || ^18.0.0-0",
        "sass": "^1.3.0"
      },
      "peerDependenciesMeta": {
        "fibers": {
          "optional": true
        },
        "node-sass": {
          "optional": true
        },
        "sass": {
          "optional": true
        }
      }
    },
    "node_modules/picocolors": {
      "version": "1.0.0",
      "resolved": "https://registry.npmjs.org/picocolors/-/picocolors-1.0.0.tgz",
      "integrity": "sha512-1fygroTLlHu66zi26VoTDv8yRgm0Fccecssto+MhsZ0D/DGW2sm8E8AjW7NU5VVTRt5GxbeZ5qBuJr+HyLYkjQ=="
    },
    "node_modules/postcss": {
      "version": "8.4.14",
      "resolved": "https://registry.npmjs.org/postcss/-/postcss-8.4.14.tgz",
      "integrity": "sha512-E398TUmfAYFPBSdzgeieK2Y1+1cpdxJx8yXbK/m57nRhKSmk1GB2tO4lbLBtlkfPQTDKfe4Xqv1ASWPpayPEig==",
      "funding": [
        {
          "type": "opencollective",
          "url": "https://opencollective.com/postcss/"
        },
        {
          "type": "tidelift",
          "url": "https://tidelift.com/funding/github/npm/postcss"
        }
      ],
      "dependencies": {
        "nanoid": "^3.3.4",
        "picocolors": "^1.0.0",
        "source-map-js": "^1.0.2"
      },
      "engines": {
        "node": "^10 || ^12 || >=14"
      }
    },
    "node_modules/postcss/node_modules/nanoid": {
      "version": "3.3.4",
      "resolved": "https://registry.npmjs.org/nanoid/-/nanoid-3.3.4.tgz",
      "integrity": "sha512-MqBkQh/OHTS2egovRtLk45wEyNXwF+cokD+1YPf9u5VfJiRdAiRwB2froX5Co9Rh20xs4siNPm8naNotSD6RBw==",
      "bin": {
        "nanoid": "bin/nanoid.cjs"
      },
      "engines": {
        "node": "^10 || ^12 || ^13.7 || ^14 || >=15.0.1"
      }
    },
    "node_modules/react": {
      "version": "0.0.0-experimental-d1bb1c586-20220922",
      "resolved": "https://registry.npmjs.org/react/-/react-0.0.0-experimental-d1bb1c586-20220922.tgz",
      "integrity": "sha512-aFOawqqDYFCR/U8BkgZxJxhmA6Y7jh+kW1Ppu7GegWYa0D/3kDqN8oTQchox3D9xJvn3+3bFsAVd/imHVuMUzQ==",
      "dependencies": {
        "loose-envify": "^1.1.0"
      },
      "engines": {
        "node": ">=0.10.0"
      }
    },
    "node_modules/react-dom": {
      "version": "0.0.0-experimental-d1bb1c586-20220922",
      "resolved": "https://registry.npmjs.org/react-dom/-/react-dom-0.0.0-experimental-d1bb1c586-20220922.tgz",
      "integrity": "sha512-GhgCgS11VYg7yfnGj0tvRo1G+CHHyEWnvLbfxhB29CMDpDzo2SM1UKbh2urklnF56m8AS8QBj5tjLtkLtovgGg==",
      "dependencies": {
        "loose-envify": "^1.1.0",
        "scheduler": "0.0.0-experimental-d1bb1c586-20220922"
      },
      "peerDependencies": {
        "react": "0.0.0-experimental-d1bb1c586-20220922"
      }
    },
    "node_modules/scheduler": {
      "version": "0.0.0-experimental-d1bb1c586-20220922",
      "resolved": "https://registry.npmjs.org/scheduler/-/scheduler-0.0.0-experimental-d1bb1c586-20220922.tgz",
      "integrity": "sha512-2TpBDk+haQkt2hyaJAnJ9dLdQqbMDxP4ay7C/RgvxVlZ9LWjPi1gjhOPsIcbvt64PUjHsI3lYuMoxKGwcMtxjw==",
      "dependencies": {
        "loose-envify": "^1.1.0"
      }
    },
    "node_modules/source-map-js": {
      "version": "1.0.2",
      "resolved": "https://registry.npmjs.org/source-map-js/-/source-map-js-1.0.2.tgz",
      "integrity": "sha512-R0XvVJ9WusLiqTCEiGCmICCMplcCkIwwR11mOSD9CR5u+IXYdiseeEuXCVAjS54zqwkLcPNnmU4OeJ6tUrWhDw==",
      "engines": {
        "node": ">=0.10.0"
      }
    },
    "node_modules/styled-jsx": {
      "version": "5.0.7",
      "resolved": "https://registry.npmjs.org/styled-jsx/-/styled-jsx-5.0.7.tgz",
      "integrity": "sha512-b3sUzamS086YLRuvnaDigdAewz1/EFYlHpYBP5mZovKEdQQOIIYq8lApylub3HHZ6xFjV051kkGU7cudJmrXEA==",
      "engines": {
        "node": ">= 12.0.0"
      },
      "peerDependencies": {
        "react": ">= 16.8.0 || 17.x.x || ^18.0.0-0"
      },
      "peerDependenciesMeta": {
        "@babel/core": {
          "optional": true
        },
        "babel-plugin-macros": {
          "optional": true
        }
      }
    },
    "node_modules/tslib": {
      "version": "2.4.0",
      "resolved": "https://registry.npmjs.org/tslib/-/tslib-2.4.0.tgz",
      "integrity": "sha512-d6xOpEDfsi2CZVlPQzGeux8XMwLT9hssAsaPYExaQMuYskwb+x1x7J371tWlbBdWHroy99KnVB6qIkUbs5X3UQ=="
    },
    "node_modules/use-sync-external-store": {
      "version": "1.2.0",
      "resolved": "https://registry.npmjs.org/use-sync-external-store/-/use-sync-external-store-1.2.0.tgz",
      "integrity": "sha512-eEgnFxGQ1Ife9bzYs6VLi8/4X6CObHMw9Qr9tPY43iKwsPw8xE8+EFsf/2cFZ5S3esXgpWgtSCtLNS41F+sKPA==",
      "peerDependencies": {
        "react": "^16.8.0 || ^17.0.0 || ^18.0.0"
      }
    }
  },
  "dependencies": {
    "@next/env": {
      "version": "12.3.2-canary.7",
      "resolved": "https://registry.npmjs.org/@next/env/-/env-12.3.2-canary.7.tgz",
      "integrity": "sha512-uk5yDvh8ra8PlIczZBTZKyt5Rf6a6mH2tGB3hwRAXD5hVLd74LzBQza2aYMEcDlRafAknsbL0dnqI3CkFYat9w=="
    },
    "@next/swc-android-arm-eabi": {
      "version": "12.3.2-canary.7",
      "resolved": "https://registry.npmjs.org/@next/swc-android-arm-eabi/-/swc-android-arm-eabi-12.3.2-canary.7.tgz",
      "integrity": "sha512-pusM/ylasGBweiwhINtqWCgy5bOjLmIctFD0etpmh9+DqCg09yu58hJ1Dn/UTW8EbB1nkTP1z3dEoMKLh4fV2A==",
      "optional": true
    },
    "@next/swc-android-arm64": {
      "version": "12.3.2-canary.7",
      "resolved": "https://registry.npmjs.org/@next/swc-android-arm64/-/swc-android-arm64-12.3.2-canary.7.tgz",
      "integrity": "sha512-x11T0ocPE9xrnqMeDzUMepN3P8CHIN8iiLgiFkbTbKTbSciuH3juOvKggJO9APZRG5Ch5eePWcCy2gHedAbhnA==",
      "optional": true
    },
    "@next/swc-darwin-arm64": {
      "version": "12.3.2-canary.7",
      "resolved": "https://registry.npmjs.org/@next/swc-darwin-arm64/-/swc-darwin-arm64-12.3.2-canary.7.tgz",
      "integrity": "sha512-tcO9hDaMfcbiaZp1B+HZcLzGGs36dnmjQ0YXyn6C88HEUoKyxanYleVHtTmWHlgsxxjZdDd/RzOze1ycWs2oXw==",
      "optional": true
    },
    "@next/swc-darwin-x64": {
      "version": "12.3.2-canary.7",
      "resolved": "https://registry.npmjs.org/@next/swc-darwin-x64/-/swc-darwin-x64-12.3.2-canary.7.tgz",
      "integrity": "sha512-WjAyU67zj69nRM2GNAnBLvghq4EHTyDzMO02GjG6yexVhDvkE0OFlvh0BQLI3DIOz+B3RjJRcW3OoHi8XzW9UA==",
      "optional": true
    },
    "@next/swc-freebsd-x64": {
      "version": "12.3.2-canary.7",
      "resolved": "https://registry.npmjs.org/@next/swc-freebsd-x64/-/swc-freebsd-x64-12.3.2-canary.7.tgz",
      "integrity": "sha512-cQrdPCMhP1Mc+pIt16FlC5BVgcXzLXRlm7qZ7wBRKG6r/IIIn/qNRFgQQcB3iyvfNZo7lURLKcfsxNmMGclldQ==",
      "optional": true
    },
    "@next/swc-linux-arm-gnueabihf": {
      "version": "12.3.2-canary.7",
      "resolved": "https://registry.npmjs.org/@next/swc-linux-arm-gnueabihf/-/swc-linux-arm-gnueabihf-12.3.2-canary.7.tgz",
      "integrity": "sha512-LEL+dUe10FhQHyXq9Mul5pOJwKDtrAylh9chktWf8eFr14j/YrfPbkLHv1+tCK8brDV3afVJMl0IpoCo75Yfyg==",
      "optional": true
    },
    "@next/swc-linux-arm64-gnu": {
      "version": "12.3.2-canary.7",
      "resolved": "https://registry.npmjs.org/@next/swc-linux-arm64-gnu/-/swc-linux-arm64-gnu-12.3.2-canary.7.tgz",
      "integrity": "sha512-mbDqHk3C76UGIzkOv+G5NslKiSYIXyWQwbkuty0+0wLVJttWjWi2dMN7DFJQPMNvBefU9/vxVJdUnGVGEZfUXw==",
      "optional": true
    },
    "@next/swc-linux-arm64-musl": {
      "version": "12.3.2-canary.7",
      "resolved": "https://registry.npmjs.org/@next/swc-linux-arm64-musl/-/swc-linux-arm64-musl-12.3.2-canary.7.tgz",
      "integrity": "sha512-gJ3VQHuqb3ABiOKPxfWAJQdO4mp3yNnWIAPN8n52F7Zu38udbHXvcbIylWfQW/Qah+RRf7P7y2txH2kC07QOPA==",
      "optional": true
    },
    "@next/swc-linux-x64-gnu": {
      "version": "12.3.2-canary.7",
      "resolved": "https://registry.npmjs.org/@next/swc-linux-x64-gnu/-/swc-linux-x64-gnu-12.3.2-canary.7.tgz",
      "integrity": "sha512-/PBLiC+JfMJIzwMCQaSQgnLoIOjdSjTA9zarj2Kk1eCLjH8/VnsfBWtmP7TdbgIRYnZ8QKb4HXSOq94ZQS/fkw==",
      "optional": true
    },
    "@next/swc-linux-x64-musl": {
      "version": "12.3.2-canary.7",
      "resolved": "https://registry.npmjs.org/@next/swc-linux-x64-musl/-/swc-linux-x64-musl-12.3.2-canary.7.tgz",
      "integrity": "sha512-Bf3goHoUd0SB58sVTMva0ByoLM+aEhm5YJRqsi7SsOAu9EAQwYfWgY2Hx60ah5i1N4ihYK0xjs8kwlfdDVOuow==",
      "optional": true
    },
    "@next/swc-win32-arm64-msvc": {
      "version": "12.3.2-canary.7",
      "resolved": "https://registry.npmjs.org/@next/swc-win32-arm64-msvc/-/swc-win32-arm64-msvc-12.3.2-canary.7.tgz",
      "integrity": "sha512-aPRQ4dY5MuLgHCVdY+/Grgg4oX38pG4S0sT8mpatK3oIdjhj3961cj33QpPAy6dhhCs8m0/eCWYmM9KKlAAUsg==",
      "optional": true
    },
    "@next/swc-win32-ia32-msvc": {
      "version": "12.3.2-canary.7",
      "resolved": "https://registry.npmjs.org/@next/swc-win32-ia32-msvc/-/swc-win32-ia32-msvc-12.3.2-canary.7.tgz",
      "integrity": "sha512-hr+TBDICVezyn0HDK4QootalbcuLj9F8qUzZZAw3gHz16rUDpqpnlRjw3RC99AzkKL7qMsdR/+SwnBlBY7ZK7Q==",
      "optional": true
    },
    "@next/swc-win32-x64-msvc": {
      "version": "12.3.2-canary.7",
      "resolved": "https://registry.npmjs.org/@next/swc-win32-x64-msvc/-/swc-win32-x64-msvc-12.3.2-canary.7.tgz",
      "integrity": "sha512-1n29b6meb54h/Mw/1xPoJB682nWbtEsUQo7rFJ6G44Nj3fYFXe+XOWQxWu6Sl8yvdBXcZRhRCHuAZGqYtmqorQ==",
      "optional": true
    },
    "@swc/helpers": {
      "version": "0.4.11",
      "resolved": "https://registry.npmjs.org/@swc/helpers/-/helpers-0.4.11.tgz",
      "integrity": "sha512-rEUrBSGIoSFuYxwBYtlUFMlE2CwGhmW+w9355/5oduSw8e5h2+Tj4UrAGNNgP9915++wj5vkQo0UuOBqOAq4nw==",
      "requires": {
        "tslib": "^2.4.0"
      }
    },
    "caniuse-lite": {
      "version": "1.0.30001410",
      "resolved": "https://registry.npmjs.org/caniuse-lite/-/caniuse-lite-1.0.30001410.tgz",
      "integrity": "sha512-QoblBnuE+rG0lc3Ur9ltP5q47lbguipa/ncNMyyGuqPk44FxbScWAeEO+k5fSQ8WekdAK4mWqNs1rADDAiN5xQ=="
    },
    "js-tokens": {
      "version": "4.0.0",
      "resolved": "https://registry.npmjs.org/js-tokens/-/js-tokens-4.0.0.tgz",
      "integrity": "sha512-RdJUflcE3cUzKiMqQgsCu06FPu9UdIJO0beYbPhHN4k6apgJtifcoCtT9bcxOpYBtpD2kCM6Sbzg4CausW/PKQ=="
    },
    "loose-envify": {
      "version": "1.4.0",
      "resolved": "https://registry.npmjs.org/loose-envify/-/loose-envify-1.4.0.tgz",
      "integrity": "sha512-lyuxPGr/Wfhrlem2CL/UcnUc1zcqKAImBDzukY7Y5F/yQiNdko6+fRLevlw1HgMySw7f611UIY408EtxRSoK3Q==",
      "requires": {
        "js-tokens": "^3.0.0 || ^4.0.0"
      }
    },
    "nanoid": {
      "version": "2.1.11",
      "resolved": "https://registry.npmjs.org/nanoid/-/nanoid-2.1.11.tgz",
      "integrity": "sha512-s/snB+WGm6uwi0WjsZdaVcuf3KJXlfGl2LcxgwkEwJF0D/BWzVWAZW/XY4bFaiR7s0Jk3FPvlnepg1H1b1UwlA=="
    },
    "next": {
      "version": "12.3.2-canary.7",
      "resolved": "https://registry.npmjs.org/next/-/next-12.3.2-canary.7.tgz",
      "integrity": "sha512-zUosveWzpeRVy7j4ANoJ4gu0TBrkLYwPlIUEXrqqs/zLpHMu+tanxA1R1ts2d7h/2dSmeVZgGcHiVcHj5uspEA==",
      "requires": {
        "@next/env": "12.3.2-canary.7",
        "@next/swc-android-arm-eabi": "12.3.2-canary.7",
        "@next/swc-android-arm64": "12.3.2-canary.7",
        "@next/swc-darwin-arm64": "12.3.2-canary.7",
        "@next/swc-darwin-x64": "12.3.2-canary.7",
        "@next/swc-freebsd-x64": "12.3.2-canary.7",
        "@next/swc-linux-arm-gnueabihf": "12.3.2-canary.7",
        "@next/swc-linux-arm64-gnu": "12.3.2-canary.7",
        "@next/swc-linux-arm64-musl": "12.3.2-canary.7",
        "@next/swc-linux-x64-gnu": "12.3.2-canary.7",
        "@next/swc-linux-x64-musl": "12.3.2-canary.7",
        "@next/swc-win32-arm64-msvc": "12.3.2-canary.7",
        "@next/swc-win32-ia32-msvc": "12.3.2-canary.7",
        "@next/swc-win32-x64-msvc": "12.3.2-canary.7",
        "@swc/helpers": "0.4.11",
        "caniuse-lite": "^1.0.30001406",
        "postcss": "8.4.14",
        "styled-jsx": "5.0.7",
        "use-sync-external-store": "1.2.0"
      }
    },
    "picocolors": {
      "version": "1.0.0",
      "resolved": "https://registry.npmjs.org/picocolors/-/picocolors-1.0.0.tgz",
      "integrity": "sha512-1fygroTLlHu66zi26VoTDv8yRgm0Fccecssto+MhsZ0D/DGW2sm8E8AjW7NU5VVTRt5GxbeZ5qBuJr+HyLYkjQ=="
    },
    "postcss": {
      "version": "8.4.14",
      "resolved": "https://registry.npmjs.org/postcss/-/postcss-8.4.14.tgz",
      "integrity": "sha512-E398TUmfAYFPBSdzgeieK2Y1+1cpdxJx8yXbK/m57nRhKSmk1GB2tO4lbLBtlkfPQTDKfe4Xqv1ASWPpayPEig==",
      "requires": {
        "nanoid": "^3.3.4",
        "picocolors": "^1.0.0",
        "source-map-js": "^1.0.2"
      },
      "dependencies": {
        "nanoid": {
          "version": "3.3.4",
          "resolved": "https://registry.npmjs.org/nanoid/-/nanoid-3.3.4.tgz",
          "integrity": "sha512-MqBkQh/OHTS2egovRtLk45wEyNXwF+cokD+1YPf9u5VfJiRdAiRwB2froX5Co9Rh20xs4siNPm8naNotSD6RBw=="
        }
      }
    },
    "react": {
      "version": "0.0.0-experimental-d1bb1c586-20220922",
      "resolved": "https://registry.npmjs.org/react/-/react-0.0.0-experimental-d1bb1c586-20220922.tgz",
      "integrity": "sha512-aFOawqqDYFCR/U8BkgZxJxhmA6Y7jh+kW1Ppu7GegWYa0D/3kDqN8oTQchox3D9xJvn3+3bFsAVd/imHVuMUzQ==",
      "requires": {
        "loose-envify": "^1.1.0"
      }
    },
    "react-dom": {
      "version": "0.0.0-experimental-d1bb1c586-20220922",
      "resolved": "https://registry.npmjs.org/react-dom/-/react-dom-0.0.0-experimental-d1bb1c586-20220922.tgz",
      "integrity": "sha512-GhgCgS11VYg7yfnGj0tvRo1G+CHHyEWnvLbfxhB29CMDpDzo2SM1UKbh2urklnF56m8AS8QBj5tjLtkLtovgGg==",
      "requires": {
        "loose-envify": "^1.1.0",
        "scheduler": "0.0.0-experimental-d1bb1c586-20220922"
      }
    },
    "scheduler": {
      "version": "0.0.0-experimental-d1bb1c586-20220922",
      "resolved": "https://registry.npmjs.org/scheduler/-/scheduler-0.0.0-experimental-d1bb1c586-20220922.tgz",
      "integrity": "sha512-2TpBDk+haQkt2hyaJAnJ9dLdQqbMDxP4ay7C/RgvxVlZ9LWjPi1gjhOPsIcbvt64PUjHsI3lYuMoxKGwcMtxjw==",
      "requires": {
        "loose-envify": "^1.1.0"
      }
    },
    "source-map-js": {
      "version": "1.0.2",
      "resolved": "https://registry.npmjs.org/source-map-js/-/source-map-js-1.0.2.tgz",
      "integrity": "sha512-R0XvVJ9WusLiqTCEiGCmICCMplcCkIwwR11mOSD9CR5u+IXYdiseeEuXCVAjS54zqwkLcPNnmU4OeJ6tUrWhDw=="
    },
    "styled-jsx": {
      "version": "5.0.7",
      "resolved": "https://registry.npmjs.org/styled-jsx/-/styled-jsx-5.0.7.tgz",
      "integrity": "sha512-b3sUzamS086YLRuvnaDigdAewz1/EFYlHpYBP5mZovKEdQQOIIYq8lApylub3HHZ6xFjV051kkGU7cudJmrXEA=="
    },
    "tslib": {
      "version": "2.4.0",
      "resolved": "https://registry.npmjs.org/tslib/-/tslib-2.4.0.tgz",
      "integrity": "sha512-d6xOpEDfsi2CZVlPQzGeux8XMwLT9hssAsaPYExaQMuYskwb+x1x7J371tWlbBdWHroy99KnVB6qIkUbs5X3UQ=="
    },
    "use-sync-external-store": {
      "version": "1.2.0",
      "resolved": "https://registry.npmjs.org/use-sync-external-store/-/use-sync-external-store-1.2.0.tgz",
      "integrity": "sha512-eEgnFxGQ1Ife9bzYs6VLi8/4X6CObHMw9Qr9tPY43iKwsPw8xE8+EFsf/2cFZ5S3esXgpWgtSCtLNS41F+sKPA=="
    }
  }
}
