{
  "name": "app-dir",
  "version": "1.0.0",
  "lockfileVersion": 2,
  "requires": true,
  "packages": {
    "": {
      "name": "app-dir",
      "version": "1.0.0",
      "license": "MIT",
      "dependencies": {
        "nanoid": "^3.3.4",
        "next": "^12.3.2-canary.38",
        "react": "latest",
        "react-dom": "latest",
        "swr": "2.0.0-rc.0"
      },
      "devDependencies": {
        "@netlify/plugin-nextjs": "file:plugin-wrapper",
        "typescript": "^4.6.3"
      }
    },
    "node_modules/@netlify/plugin-nextjs": {
      "resolved": "plugin-wrapper",
      "link": true
    },
    "node_modules/@next/env": {
      "version": "12.3.2-canary.38",
      "resolved": "https://registry.npmjs.org/@next/env/-/env-12.3.2-canary.38.tgz",
      "integrity": "sha512-nfzwFRmZg/MkhpjNC/xbeZjwPJL7wDkPGn+ZalOron2483cmC3qDAgEBgPPZWgEoG5IDWo0LJBQE0mK+Tur8HA=="
    },
    "node_modules/@next/swc-android-arm-eabi": {
      "version": "12.3.2-canary.38",
      "resolved": "https://registry.npmjs.org/@next/swc-android-arm-eabi/-/swc-android-arm-eabi-12.3.2-canary.38.tgz",
      "integrity": "sha512-FHMW9Fe8KfwKTjnCxmeGCN+4VBljf5nUM9mAp0bfa3qPxU+raczO7q6IyPl6sxyCXQ7y+AfSAKj9+tGN7STiEQ==",
      "cpu": [
        "arm"
      ],
      "optional": true,
      "os": [
        "android"
      ],
      "engines": {
        "node": ">= 10"
      }
    },
    "node_modules/@next/swc-android-arm64": {
      "version": "12.3.2-canary.38",
      "resolved": "https://registry.npmjs.org/@next/swc-android-arm64/-/swc-android-arm64-12.3.2-canary.38.tgz",
      "integrity": "sha512-fuPHsuthlM4DC5g2XH6FYdFoTjckziZOxB9tGU+kSvjFBE8P64Hxhwf4F6NI6/CynhiH0PRTwwpDj7ytk1h22w==",
      "cpu": [
        "arm64"
      ],
      "optional": true,
      "os": [
        "android"
      ],
      "engines": {
        "node": ">= 10"
      }
    },
    "node_modules/@next/swc-darwin-arm64": {
      "version": "12.3.2-canary.38",
      "resolved": "https://registry.npmjs.org/@next/swc-darwin-arm64/-/swc-darwin-arm64-12.3.2-canary.38.tgz",
      "integrity": "sha512-BwBZJMgUqgk4tFNlGatKn/xarGeQOx/krGIuvFJf6KtwGEP+/5moTNOaY3yWr0c57unkiemkVzGQ4UFDn7s/Og==",
      "cpu": [
        "arm64"
      ],
      "optional": true,
      "os": [
        "darwin"
      ],
      "engines": {
        "node": ">= 10"
      }
    },
    "node_modules/@next/swc-darwin-x64": {
      "version": "12.3.2-canary.38",
      "resolved": "https://registry.npmjs.org/@next/swc-darwin-x64/-/swc-darwin-x64-12.3.2-canary.38.tgz",
      "integrity": "sha512-KtT3SudHzFwImUVoVieDLKMZPwxpl3x2DaHCp8Smw5+CtPjHdaL9VI3C6MWuN99DJQClbwESjnw2Aie4sRadwA==",
      "cpu": [
        "x64"
      ],
      "optional": true,
      "os": [
        "darwin"
      ],
      "engines": {
        "node": ">= 10"
      }
    },
    "node_modules/@next/swc-freebsd-x64": {
      "version": "12.3.2-canary.38",
      "resolved": "https://registry.npmjs.org/@next/swc-freebsd-x64/-/swc-freebsd-x64-12.3.2-canary.38.tgz",
      "integrity": "sha512-uZ6GBfjlrJJs+WomMesmoY6Q22eNUpKv3fxrT2qdSeY1tLi7Yo0dSrPfkjt4xmLB/0vwvTZesmkLLk1DVWl6cw==",
      "cpu": [
        "x64"
      ],
      "optional": true,
      "os": [
        "freebsd"
      ],
      "engines": {
        "node": ">= 10"
      }
    },
    "node_modules/@next/swc-linux-arm-gnueabihf": {
      "version": "12.3.2-canary.38",
      "resolved": "https://registry.npmjs.org/@next/swc-linux-arm-gnueabihf/-/swc-linux-arm-gnueabihf-12.3.2-canary.38.tgz",
      "integrity": "sha512-DtwNa3W+XWQNddA/t0TbdwA0npq2lvwrV7dwlwbIBOs3Gqw2tNDVk5fPiHksEl+KzAhOhP8uVD7Mh2pJSe7V2A==",
      "cpu": [
        "arm"
      ],
      "optional": true,
      "os": [
        "linux"
      ],
      "engines": {
        "node": ">= 10"
      }
    },
    "node_modules/@next/swc-linux-arm64-gnu": {
      "version": "12.3.2-canary.38",
      "resolved": "https://registry.npmjs.org/@next/swc-linux-arm64-gnu/-/swc-linux-arm64-gnu-12.3.2-canary.38.tgz",
      "integrity": "sha512-H/2d9fAbUo/NNqZrg1KOmtdzUNuCtaS2k/jIMLHnschdsmOpKnoCOoom+X0/2dmWh2hhyrG0oYxt1+0qQx4zRg==",
      "cpu": [
        "arm64"
      ],
      "optional": true,
      "os": [
        "linux"
      ],
      "engines": {
        "node": ">= 10"
      }
    },
    "node_modules/@next/swc-linux-arm64-musl": {
      "version": "12.3.2-canary.38",
      "resolved": "https://registry.npmjs.org/@next/swc-linux-arm64-musl/-/swc-linux-arm64-musl-12.3.2-canary.38.tgz",
      "integrity": "sha512-ZTU0eGNszUUbkuo3C4t0Szh4y35VdNEwS+UP58y9UxWEGkhQi8Oqy06EmTwaWK4ZhOwPsONixRj1dZCyInDOEg==",
      "cpu": [
        "arm64"
      ],
      "optional": true,
      "os": [
        "linux"
      ],
      "engines": {
        "node": ">= 10"
      }
    },
    "node_modules/@next/swc-linux-x64-gnu": {
      "version": "12.3.2-canary.38",
      "resolved": "https://registry.npmjs.org/@next/swc-linux-x64-gnu/-/swc-linux-x64-gnu-12.3.2-canary.38.tgz",
      "integrity": "sha512-rJYubm1FXsNegiL8ewBUa57gQWLaD07RcL6Q11V2QcwHz30/EIT+k1Oio//hTic+gEFvcRUjmKcJEDa/g/E2kw==",
      "cpu": [
        "x64"
      ],
      "optional": true,
      "os": [
        "linux"
      ],
      "engines": {
        "node": ">= 10"
      }
    },
    "node_modules/@next/swc-linux-x64-musl": {
      "version": "12.3.2-canary.38",
      "resolved": "https://registry.npmjs.org/@next/swc-linux-x64-musl/-/swc-linux-x64-musl-12.3.2-canary.38.tgz",
      "integrity": "sha512-5SGNSpJIYGN73oyqyRqMKlC3wEjRx3V2tgmZ0p5dYKHgGg7wwgJ7o0LuOeIa/H4FDFntxt2BlFV10qxL8xp2dA==",
      "cpu": [
        "x64"
      ],
      "optional": true,
      "os": [
        "linux"
      ],
      "engines": {
        "node": ">= 10"
      }
    },
    "node_modules/@next/swc-win32-arm64-msvc": {
      "version": "12.3.2-canary.38",
      "resolved": "https://registry.npmjs.org/@next/swc-win32-arm64-msvc/-/swc-win32-arm64-msvc-12.3.2-canary.38.tgz",
      "integrity": "sha512-jxMiAZAbgEY5y076Wo+V+x0/CKAuSeUuh+zNH+GyHZFLkOcrUDZtUIY2i7RmQjGpam9XQf/tCgMSNOwxeeGCSA==",
      "cpu": [
        "arm64"
      ],
      "optional": true,
      "os": [
        "win32"
      ],
      "engines": {
        "node": ">= 10"
      }
    },
    "node_modules/@next/swc-win32-ia32-msvc": {
      "version": "12.3.2-canary.38",
      "resolved": "https://registry.npmjs.org/@next/swc-win32-ia32-msvc/-/swc-win32-ia32-msvc-12.3.2-canary.38.tgz",
      "integrity": "sha512-9ES0LYANZuYhU1f07AN5/9a5xIpIJSCTWk2olQjJhWj4NDA9fscpOKDJydVMgrTrYyFgPLu7Gfvei7vMX7vmMA==",
      "cpu": [
        "ia32"
      ],
      "optional": true,
      "os": [
        "win32"
      ],
      "engines": {
        "node": ">= 10"
      }
    },
    "node_modules/@next/swc-win32-x64-msvc": {
      "version": "12.3.2-canary.38",
      "resolved": "https://registry.npmjs.org/@next/swc-win32-x64-msvc/-/swc-win32-x64-msvc-12.3.2-canary.38.tgz",
      "integrity": "sha512-Nxdvj7deZQHKIOY840TmKSu1KwPMW58xLw6S4sCiyY3qSbdycGmmFKg7sG3KSEWa5LIyjZQOLchNbPzO27UB+w==",
      "cpu": [
        "x64"
      ],
      "optional": true,
      "os": [
        "win32"
      ],
      "engines": {
        "node": ">= 10"
      }
    },
    "node_modules/@swc/helpers": {
      "version": "0.4.11",
      "resolved": "https://registry.npmjs.org/@swc/helpers/-/helpers-0.4.11.tgz",
      "integrity": "sha512-rEUrBSGIoSFuYxwBYtlUFMlE2CwGhmW+w9355/5oduSw8e5h2+Tj4UrAGNNgP9915++wj5vkQo0UuOBqOAq4nw==",
      "dependencies": {
        "tslib": "^2.4.0"
      }
    },
    "node_modules/caniuse-lite": {
      "version": "1.0.30001410",
      "resolved": "https://registry.npmjs.org/caniuse-lite/-/caniuse-lite-1.0.30001410.tgz",
      "integrity": "sha512-QoblBnuE+rG0lc3Ur9ltP5q47lbguipa/ncNMyyGuqPk44FxbScWAeEO+k5fSQ8WekdAK4mWqNs1rADDAiN5xQ==",
      "funding": [
        {
          "type": "opencollective",
          "url": "https://opencollective.com/browserslist"
        },
        {
          "type": "tidelift",
          "url": "https://tidelift.com/funding/github/npm/caniuse-lite"
        }
      ]
    },
    "node_modules/client-only": {
      "version": "0.0.1",
      "resolved": "https://registry.npmjs.org/client-only/-/client-only-0.0.1.tgz",
      "integrity": "sha512-IV3Ou0jSMzZrd3pZ48nLkT9DA7Ag1pnPzaiQhpW7c3RbcqqzvzzVu+L8gfqMp/8IM2MQtSiqaCxrrcfu8I8rMA=="
    },
    "node_modules/js-tokens": {
      "version": "4.0.0",
      "resolved": "https://registry.npmjs.org/js-tokens/-/js-tokens-4.0.0.tgz",
      "integrity": "sha512-RdJUflcE3cUzKiMqQgsCu06FPu9UdIJO0beYbPhHN4k6apgJtifcoCtT9bcxOpYBtpD2kCM6Sbzg4CausW/PKQ=="
    },
    "node_modules/loose-envify": {
      "version": "1.4.0",
      "resolved": "https://registry.npmjs.org/loose-envify/-/loose-envify-1.4.0.tgz",
      "integrity": "sha512-lyuxPGr/Wfhrlem2CL/UcnUc1zcqKAImBDzukY7Y5F/yQiNdko6+fRLevlw1HgMySw7f611UIY408EtxRSoK3Q==",
      "dependencies": {
        "js-tokens": "^3.0.0 || ^4.0.0"
      },
      "bin": {
        "loose-envify": "cli.js"
      }
    },
    "node_modules/nanoid": {
      "version": "3.3.4",
      "resolved": "https://registry.npmjs.org/nanoid/-/nanoid-3.3.4.tgz",
      "integrity": "sha512-MqBkQh/OHTS2egovRtLk45wEyNXwF+cokD+1YPf9u5VfJiRdAiRwB2froX5Co9Rh20xs4siNPm8naNotSD6RBw==",
      "bin": {
        "nanoid": "bin/nanoid.cjs"
      },
      "engines": {
        "node": "^10 || ^12 || ^13.7 || ^14 || >=15.0.1"
      }
    },
    "node_modules/next": {
      "version": "12.3.2-canary.38",
      "resolved": "https://registry.npmjs.org/next/-/next-12.3.2-canary.38.tgz",
      "integrity": "sha512-gieE5cDm4LT3PYJsgWewF6nhVtMfz4lIlGfXAQ2aKJSArjOLBDTweYVGJQUH0kV3FoFd/kb/opr4wY5dggjaYg==",
      "dependencies": {
        "@next/env": "12.3.2-canary.38",
        "@swc/helpers": "0.4.11",
        "caniuse-lite": "^1.0.30001406",
        "postcss": "8.4.14",
        "styled-jsx": "5.1.0",
        "use-sync-external-store": "1.2.0"
      },
      "bin": {
        "next": "dist/bin/next"
      },
      "engines": {
        "node": ">=14.0.0"
      },
      "optionalDependencies": {
        "@next/swc-android-arm-eabi": "12.3.2-canary.38",
        "@next/swc-android-arm64": "12.3.2-canary.38",
        "@next/swc-darwin-arm64": "12.3.2-canary.38",
        "@next/swc-darwin-x64": "12.3.2-canary.38",
        "@next/swc-freebsd-x64": "12.3.2-canary.38",
        "@next/swc-linux-arm-gnueabihf": "12.3.2-canary.38",
        "@next/swc-linux-arm64-gnu": "12.3.2-canary.38",
        "@next/swc-linux-arm64-musl": "12.3.2-canary.38",
        "@next/swc-linux-x64-gnu": "12.3.2-canary.38",
        "@next/swc-linux-x64-musl": "12.3.2-canary.38",
        "@next/swc-win32-arm64-msvc": "12.3.2-canary.38",
        "@next/swc-win32-ia32-msvc": "12.3.2-canary.38",
        "@next/swc-win32-x64-msvc": "12.3.2-canary.38"
      },
      "peerDependencies": {
        "fibers": ">= 3.1.0",
        "node-sass": "^6.0.0 || ^7.0.0",
        "react": "^18.0.0-0",
        "react-dom": "^18.0.0-0",
        "sass": "^1.3.0"
      },
      "peerDependenciesMeta": {
        "fibers": {
          "optional": true
        },
        "node-sass": {
          "optional": true
        },
        "sass": {
          "optional": true
        }
      }
    },
    "node_modules/picocolors": {
      "version": "1.0.0",
      "resolved": "https://registry.npmjs.org/picocolors/-/picocolors-1.0.0.tgz",
      "integrity": "sha512-1fygroTLlHu66zi26VoTDv8yRgm0Fccecssto+MhsZ0D/DGW2sm8E8AjW7NU5VVTRt5GxbeZ5qBuJr+HyLYkjQ=="
    },
    "node_modules/postcss": {
      "version": "8.4.14",
      "resolved": "https://registry.npmjs.org/postcss/-/postcss-8.4.14.tgz",
      "integrity": "sha512-E398TUmfAYFPBSdzgeieK2Y1+1cpdxJx8yXbK/m57nRhKSmk1GB2tO4lbLBtlkfPQTDKfe4Xqv1ASWPpayPEig==",
      "funding": [
        {
          "type": "opencollective",
          "url": "https://opencollective.com/postcss/"
        },
        {
          "type": "tidelift",
          "url": "https://tidelift.com/funding/github/npm/postcss"
        }
      ],
      "dependencies": {
        "nanoid": "^3.3.4",
        "picocolors": "^1.0.0",
        "source-map-js": "^1.0.2"
      },
      "engines": {
        "node": "^10 || ^12 || >=14"
      }
    },
    "node_modules/react": {
      "version": "0.0.0-experimental-9cdf8a99e-20221018",
      "resolved": "https://registry.npmjs.org/react/-/react-0.0.0-experimental-9cdf8a99e-20221018.tgz",
      "integrity": "sha512-Py2uVVYQD8P4swOQRpC9vPLGFWVJDzgqfkmSs2gl4WsgmYYSdoEkLgdEKIy/OZVhZYLYAWkZM1Ym7cbTdtvLUw==",
      "dependencies": {
        "loose-envify": "^1.1.0"
      },
      "engines": {
        "node": ">=0.10.0"
      }
    },
    "node_modules/react-dom": {
      "version": "0.0.0-experimental-9cdf8a99e-20221018",
      "resolved": "https://registry.npmjs.org/react-dom/-/react-dom-0.0.0-experimental-9cdf8a99e-20221018.tgz",
      "integrity": "sha512-9YwyvIuoWbPebCtr3Z2yVMvQHsSHNErh2u1SHefeouOz9jyRuvIKyfREbEtltn5xWOP+/fCDnuTw6usRKw6Gyw==",
      "dependencies": {
        "loose-envify": "^1.1.0",
        "scheduler": "0.0.0-experimental-9cdf8a99e-20221018"
      },
      "peerDependencies": {
        "react": "0.0.0-experimental-9cdf8a99e-20221018"
      }
    },
    "node_modules/scheduler": {
      "version": "0.0.0-experimental-9cdf8a99e-20221018",
      "resolved": "https://registry.npmjs.org/scheduler/-/scheduler-0.0.0-experimental-9cdf8a99e-20221018.tgz",
      "integrity": "sha512-y6eQMry9B3xoaKzCk0IQsqzelgoSCodozMFO+H1KSn45BVwsVB+CnvOJEigVggAclkmDOdVveQ/aUQ0UrT/jxA==",
      "dependencies": {
        "loose-envify": "^1.1.0"
      }
    },
    "node_modules/source-map-js": {
      "version": "1.0.2",
      "resolved": "https://registry.npmjs.org/source-map-js/-/source-map-js-1.0.2.tgz",
      "integrity": "sha512-R0XvVJ9WusLiqTCEiGCmICCMplcCkIwwR11mOSD9CR5u+IXYdiseeEuXCVAjS54zqwkLcPNnmU4OeJ6tUrWhDw==",
      "engines": {
        "node": ">=0.10.0"
      }
    },
    "node_modules/styled-jsx": {
      "version": "5.1.0",
      "resolved": "https://registry.npmjs.org/styled-jsx/-/styled-jsx-5.1.0.tgz",
      "integrity": "sha512-/iHaRJt9U7T+5tp6TRelLnqBqiaIT0HsO0+vgyj8hK2KUk7aejFqRrumqPUlAqDwAj8IbS/1hk3IhBAAK/FCUQ==",
      "dependencies": {
        "client-only": "0.0.1"
      },
      "engines": {
        "node": ">= 12.0.0"
      },
      "peerDependencies": {
        "react": ">= 16.8.0 || 17.x.x || ^18.0.0-0"
      },
      "peerDependenciesMeta": {
        "@babel/core": {
          "optional": true
        },
        "babel-plugin-macros": {
          "optional": true
        }
      }
    },
    "node_modules/swr": {
      "version": "2.0.0-rc.0",
      "resolved": "https://registry.npmjs.org/swr/-/swr-2.0.0-rc.0.tgz",
      "integrity": "sha512-QOp+4Cqnb/uuLKeuRDh7aT+ws6wSWWKPqfyIpBXK8DM3IugOYeLO5v+390I0p1MIfRd0CQlAIJZBEgmHaTfDuA==",
      "dependencies": {
        "use-sync-external-store": "^1.2.0"
      },
      "engines": {
        "pnpm": "7"
      },
      "peerDependencies": {
        "react": "^16.11.0 || ^17.0.0 || ^18.0.0"
      }
    },
    "node_modules/tslib": {
      "version": "2.4.0",
      "resolved": "https://registry.npmjs.org/tslib/-/tslib-2.4.0.tgz",
      "integrity": "sha512-d6xOpEDfsi2CZVlPQzGeux8XMwLT9hssAsaPYExaQMuYskwb+x1x7J371tWlbBdWHroy99KnVB6qIkUbs5X3UQ=="
    },
    "node_modules/typescript": {
      "version": "4.8.4",
      "resolved": "https://registry.npmjs.org/typescript/-/typescript-4.8.4.tgz",
      "integrity": "sha512-QCh+85mCy+h0IGff8r5XWzOVSbBO+KfeYrMQh7NJ58QujwcE22u+NUSmUxqF+un70P9GXKxa2HCNiTTMJknyjQ==",
      "dev": true,
      "bin": {
        "tsc": "bin/tsc",
        "tsserver": "bin/tsserver"
      },
      "engines": {
        "node": ">=4.2.0"
      }
    },
    "node_modules/use-sync-external-store": {
      "version": "1.2.0",
      "resolved": "https://registry.npmjs.org/use-sync-external-store/-/use-sync-external-store-1.2.0.tgz",
      "integrity": "sha512-eEgnFxGQ1Ife9bzYs6VLi8/4X6CObHMw9Qr9tPY43iKwsPw8xE8+EFsf/2cFZ5S3esXgpWgtSCtLNS41F+sKPA==",
      "peerDependencies": {
        "react": "^16.8.0 || ^17.0.0 || ^18.0.0"
      }
    },
    "plugin-wrapper": {
      "name": "local-plugin",
      "version": "1.0.0-alpha-local-wrapper",
      "dev": true,
      "license": "MIT"
    }
  },
  "dependencies": {
    "@netlify/plugin-nextjs": {
      "version": "file:plugin-wrapper"
    },
    "@next/env": {
      "version": "12.3.2-canary.38",
      "resolved": "https://registry.npmjs.org/@next/env/-/env-12.3.2-canary.38.tgz",
      "integrity": "sha512-nfzwFRmZg/MkhpjNC/xbeZjwPJL7wDkPGn+ZalOron2483cmC3qDAgEBgPPZWgEoG5IDWo0LJBQE0mK+Tur8HA=="
    },
    "@next/swc-android-arm-eabi": {
      "version": "12.3.2-canary.38",
      "resolved": "https://registry.npmjs.org/@next/swc-android-arm-eabi/-/swc-android-arm-eabi-12.3.2-canary.38.tgz",
      "integrity": "sha512-FHMW9Fe8KfwKTjnCxmeGCN+4VBljf5nUM9mAp0bfa3qPxU+raczO7q6IyPl6sxyCXQ7y+AfSAKj9+tGN7STiEQ==",
      "optional": true
    },
    "@next/swc-android-arm64": {
      "version": "12.3.2-canary.38",
      "resolved": "https://registry.npmjs.org/@next/swc-android-arm64/-/swc-android-arm64-12.3.2-canary.38.tgz",
      "integrity": "sha512-fuPHsuthlM4DC5g2XH6FYdFoTjckziZOxB9tGU+kSvjFBE8P64Hxhwf4F6NI6/CynhiH0PRTwwpDj7ytk1h22w==",
      "optional": true
    },
    "@next/swc-darwin-arm64": {
      "version": "12.3.2-canary.38",
      "resolved": "https://registry.npmjs.org/@next/swc-darwin-arm64/-/swc-darwin-arm64-12.3.2-canary.38.tgz",
      "integrity": "sha512-BwBZJMgUqgk4tFNlGatKn/xarGeQOx/krGIuvFJf6KtwGEP+/5moTNOaY3yWr0c57unkiemkVzGQ4UFDn7s/Og==",
      "optional": true
    },
    "@next/swc-darwin-x64": {
      "version": "12.3.2-canary.38",
      "resolved": "https://registry.npmjs.org/@next/swc-darwin-x64/-/swc-darwin-x64-12.3.2-canary.38.tgz",
      "integrity": "sha512-KtT3SudHzFwImUVoVieDLKMZPwxpl3x2DaHCp8Smw5+CtPjHdaL9VI3C6MWuN99DJQClbwESjnw2Aie4sRadwA==",
      "optional": true
    },
    "@next/swc-freebsd-x64": {
      "version": "12.3.2-canary.38",
      "resolved": "https://registry.npmjs.org/@next/swc-freebsd-x64/-/swc-freebsd-x64-12.3.2-canary.38.tgz",
      "integrity": "sha512-uZ6GBfjlrJJs+WomMesmoY6Q22eNUpKv3fxrT2qdSeY1tLi7Yo0dSrPfkjt4xmLB/0vwvTZesmkLLk1DVWl6cw==",
      "optional": true
    },
    "@next/swc-linux-arm-gnueabihf": {
      "version": "12.3.2-canary.38",
      "resolved": "https://registry.npmjs.org/@next/swc-linux-arm-gnueabihf/-/swc-linux-arm-gnueabihf-12.3.2-canary.38.tgz",
      "integrity": "sha512-DtwNa3W+XWQNddA/t0TbdwA0npq2lvwrV7dwlwbIBOs3Gqw2tNDVk5fPiHksEl+KzAhOhP8uVD7Mh2pJSe7V2A==",
      "optional": true
    },
    "@next/swc-linux-arm64-gnu": {
      "version": "12.3.2-canary.38",
      "resolved": "https://registry.npmjs.org/@next/swc-linux-arm64-gnu/-/swc-linux-arm64-gnu-12.3.2-canary.38.tgz",
      "integrity": "sha512-H/2d9fAbUo/NNqZrg1KOmtdzUNuCtaS2k/jIMLHnschdsmOpKnoCOoom+X0/2dmWh2hhyrG0oYxt1+0qQx4zRg==",
      "optional": true
    },
    "@next/swc-linux-arm64-musl": {
      "version": "12.3.2-canary.38",
      "resolved": "https://registry.npmjs.org/@next/swc-linux-arm64-musl/-/swc-linux-arm64-musl-12.3.2-canary.38.tgz",
      "integrity": "sha512-ZTU0eGNszUUbkuo3C4t0Szh4y35VdNEwS+UP58y9UxWEGkhQi8Oqy06EmTwaWK4ZhOwPsONixRj1dZCyInDOEg==",
      "optional": true
    },
    "@next/swc-linux-x64-gnu": {
      "version": "12.3.2-canary.38",
      "resolved": "https://registry.npmjs.org/@next/swc-linux-x64-gnu/-/swc-linux-x64-gnu-12.3.2-canary.38.tgz",
      "integrity": "sha512-rJYubm1FXsNegiL8ewBUa57gQWLaD07RcL6Q11V2QcwHz30/EIT+k1Oio//hTic+gEFvcRUjmKcJEDa/g/E2kw==",
      "optional": true
    },
    "@next/swc-linux-x64-musl": {
      "version": "12.3.2-canary.38",
      "resolved": "https://registry.npmjs.org/@next/swc-linux-x64-musl/-/swc-linux-x64-musl-12.3.2-canary.38.tgz",
      "integrity": "sha512-5SGNSpJIYGN73oyqyRqMKlC3wEjRx3V2tgmZ0p5dYKHgGg7wwgJ7o0LuOeIa/H4FDFntxt2BlFV10qxL8xp2dA==",
      "optional": true
    },
    "@next/swc-win32-arm64-msvc": {
      "version": "12.3.2-canary.38",
      "resolved": "https://registry.npmjs.org/@next/swc-win32-arm64-msvc/-/swc-win32-arm64-msvc-12.3.2-canary.38.tgz",
      "integrity": "sha512-jxMiAZAbgEY5y076Wo+V+x0/CKAuSeUuh+zNH+GyHZFLkOcrUDZtUIY2i7RmQjGpam9XQf/tCgMSNOwxeeGCSA==",
      "optional": true
    },
    "@next/swc-win32-ia32-msvc": {
      "version": "12.3.2-canary.38",
      "resolved": "https://registry.npmjs.org/@next/swc-win32-ia32-msvc/-/swc-win32-ia32-msvc-12.3.2-canary.38.tgz",
      "integrity": "sha512-9ES0LYANZuYhU1f07AN5/9a5xIpIJSCTWk2olQjJhWj4NDA9fscpOKDJydVMgrTrYyFgPLu7Gfvei7vMX7vmMA==",
      "optional": true
    },
    "@next/swc-win32-x64-msvc": {
      "version": "12.3.2-canary.38",
      "resolved": "https://registry.npmjs.org/@next/swc-win32-x64-msvc/-/swc-win32-x64-msvc-12.3.2-canary.38.tgz",
      "integrity": "sha512-Nxdvj7deZQHKIOY840TmKSu1KwPMW58xLw6S4sCiyY3qSbdycGmmFKg7sG3KSEWa5LIyjZQOLchNbPzO27UB+w==",
      "optional": true
    },
    "@swc/helpers": {
      "version": "0.4.11",
      "resolved": "https://registry.npmjs.org/@swc/helpers/-/helpers-0.4.11.tgz",
      "integrity": "sha512-rEUrBSGIoSFuYxwBYtlUFMlE2CwGhmW+w9355/5oduSw8e5h2+Tj4UrAGNNgP9915++wj5vkQo0UuOBqOAq4nw==",
      "requires": {
        "tslib": "^2.4.0"
      }
    },
    "caniuse-lite": {
      "version": "1.0.30001410",
      "resolved": "https://registry.npmjs.org/caniuse-lite/-/caniuse-lite-1.0.30001410.tgz",
      "integrity": "sha512-QoblBnuE+rG0lc3Ur9ltP5q47lbguipa/ncNMyyGuqPk44FxbScWAeEO+k5fSQ8WekdAK4mWqNs1rADDAiN5xQ=="
    },
    "client-only": {
      "version": "0.0.1",
      "resolved": "https://registry.npmjs.org/client-only/-/client-only-0.0.1.tgz",
      "integrity": "sha512-IV3Ou0jSMzZrd3pZ48nLkT9DA7Ag1pnPzaiQhpW7c3RbcqqzvzzVu+L8gfqMp/8IM2MQtSiqaCxrrcfu8I8rMA=="
    },
    "js-tokens": {
      "version": "4.0.0",
      "resolved": "https://registry.npmjs.org/js-tokens/-/js-tokens-4.0.0.tgz",
      "integrity": "sha512-RdJUflcE3cUzKiMqQgsCu06FPu9UdIJO0beYbPhHN4k6apgJtifcoCtT9bcxOpYBtpD2kCM6Sbzg4CausW/PKQ=="
    },
    "loose-envify": {
      "version": "1.4.0",
      "resolved": "https://registry.npmjs.org/loose-envify/-/loose-envify-1.4.0.tgz",
      "integrity": "sha512-lyuxPGr/Wfhrlem2CL/UcnUc1zcqKAImBDzukY7Y5F/yQiNdko6+fRLevlw1HgMySw7f611UIY408EtxRSoK3Q==",
      "requires": {
        "js-tokens": "^3.0.0 || ^4.0.0"
      }
    },
    "nanoid": {
      "version": "3.3.4",
      "resolved": "https://registry.npmjs.org/nanoid/-/nanoid-3.3.4.tgz",
      "integrity": "sha512-MqBkQh/OHTS2egovRtLk45wEyNXwF+cokD+1YPf9u5VfJiRdAiRwB2froX5Co9Rh20xs4siNPm8naNotSD6RBw=="
    },
    "next": {
      "version": "12.3.2-canary.38",
      "resolved": "https://registry.npmjs.org/next/-/next-12.3.2-canary.38.tgz",
      "integrity": "sha512-gieE5cDm4LT3PYJsgWewF6nhVtMfz4lIlGfXAQ2aKJSArjOLBDTweYVGJQUH0kV3FoFd/kb/opr4wY5dggjaYg==",
      "requires": {
        "@next/env": "12.3.2-canary.38",
        "@next/swc-android-arm-eabi": "12.3.2-canary.38",
        "@next/swc-android-arm64": "12.3.2-canary.38",
        "@next/swc-darwin-arm64": "12.3.2-canary.38",
        "@next/swc-darwin-x64": "12.3.2-canary.38",
        "@next/swc-freebsd-x64": "12.3.2-canary.38",
        "@next/swc-linux-arm-gnueabihf": "12.3.2-canary.38",
        "@next/swc-linux-arm64-gnu": "12.3.2-canary.38",
        "@next/swc-linux-arm64-musl": "12.3.2-canary.38",
        "@next/swc-linux-x64-gnu": "12.3.2-canary.38",
        "@next/swc-linux-x64-musl": "12.3.2-canary.38",
        "@next/swc-win32-arm64-msvc": "12.3.2-canary.38",
        "@next/swc-win32-ia32-msvc": "12.3.2-canary.38",
        "@next/swc-win32-x64-msvc": "12.3.2-canary.38",
        "@swc/helpers": "0.4.11",
        "caniuse-lite": "^1.0.30001406",
        "postcss": "8.4.14",
        "styled-jsx": "5.1.0",
        "use-sync-external-store": "1.2.0"
      }
    },
    "picocolors": {
      "version": "1.0.0",
      "resolved": "https://registry.npmjs.org/picocolors/-/picocolors-1.0.0.tgz",
      "integrity": "sha512-1fygroTLlHu66zi26VoTDv8yRgm0Fccecssto+MhsZ0D/DGW2sm8E8AjW7NU5VVTRt5GxbeZ5qBuJr+HyLYkjQ=="
    },
    "postcss": {
      "version": "8.4.14",
      "resolved": "https://registry.npmjs.org/postcss/-/postcss-8.4.14.tgz",
      "integrity": "sha512-E398TUmfAYFPBSdzgeieK2Y1+1cpdxJx8yXbK/m57nRhKSmk1GB2tO4lbLBtlkfPQTDKfe4Xqv1ASWPpayPEig==",
      "requires": {
        "nanoid": "^3.3.4",
        "picocolors": "^1.0.0",
        "source-map-js": "^1.0.2"
      }
    },
    "react": {
      "version": "0.0.0-experimental-9cdf8a99e-20221018",
      "resolved": "https://registry.npmjs.org/react/-/react-0.0.0-experimental-9cdf8a99e-20221018.tgz",
      "integrity": "sha512-Py2uVVYQD8P4swOQRpC9vPLGFWVJDzgqfkmSs2gl4WsgmYYSdoEkLgdEKIy/OZVhZYLYAWkZM1Ym7cbTdtvLUw==",
      "requires": {
        "loose-envify": "^1.1.0"
      }
    },
    "react-dom": {
      "version": "0.0.0-experimental-9cdf8a99e-20221018",
      "resolved": "https://registry.npmjs.org/react-dom/-/react-dom-0.0.0-experimental-9cdf8a99e-20221018.tgz",
      "integrity": "sha512-9YwyvIuoWbPebCtr3Z2yVMvQHsSHNErh2u1SHefeouOz9jyRuvIKyfREbEtltn5xWOP+/fCDnuTw6usRKw6Gyw==",
      "requires": {
        "loose-envify": "^1.1.0",
        "scheduler": "0.0.0-experimental-9cdf8a99e-20221018"
      }
    },
    "scheduler": {
      "version": "0.0.0-experimental-9cdf8a99e-20221018",
      "resolved": "https://registry.npmjs.org/scheduler/-/scheduler-0.0.0-experimental-9cdf8a99e-20221018.tgz",
      "integrity": "sha512-y6eQMry9B3xoaKzCk0IQsqzelgoSCodozMFO+H1KSn45BVwsVB+CnvOJEigVggAclkmDOdVveQ/aUQ0UrT/jxA==",
      "requires": {
        "loose-envify": "^1.1.0"
      }
    },
    "source-map-js": {
      "version": "1.0.2",
      "resolved": "https://registry.npmjs.org/source-map-js/-/source-map-js-1.0.2.tgz",
      "integrity": "sha512-R0XvVJ9WusLiqTCEiGCmICCMplcCkIwwR11mOSD9CR5u+IXYdiseeEuXCVAjS54zqwkLcPNnmU4OeJ6tUrWhDw=="
    },
    "styled-jsx": {
      "version": "5.1.0",
      "resolved": "https://registry.npmjs.org/styled-jsx/-/styled-jsx-5.1.0.tgz",
      "integrity": "sha512-/iHaRJt9U7T+5tp6TRelLnqBqiaIT0HsO0+vgyj8hK2KUk7aejFqRrumqPUlAqDwAj8IbS/1hk3IhBAAK/FCUQ==",
      "requires": {
        "client-only": "0.0.1"
      }
    },
    "swr": {
      "version": "2.0.0-rc.0",
      "resolved": "https://registry.npmjs.org/swr/-/swr-2.0.0-rc.0.tgz",
      "integrity": "sha512-QOp+4Cqnb/uuLKeuRDh7aT+ws6wSWWKPqfyIpBXK8DM3IugOYeLO5v+390I0p1MIfRd0CQlAIJZBEgmHaTfDuA==",
      "requires": {
        "use-sync-external-store": "^1.2.0"
      }
    },
    "tslib": {
      "version": "2.4.0",
      "resolved": "https://registry.npmjs.org/tslib/-/tslib-2.4.0.tgz",
      "integrity": "sha512-d6xOpEDfsi2CZVlPQzGeux8XMwLT9hssAsaPYExaQMuYskwb+x1x7J371tWlbBdWHroy99KnVB6qIkUbs5X3UQ=="
    },
    "typescript": {
      "version": "4.8.4",
      "resolved": "https://registry.npmjs.org/typescript/-/typescript-4.8.4.tgz",
      "integrity": "sha512-QCh+85mCy+h0IGff8r5XWzOVSbBO+KfeYrMQh7NJ58QujwcE22u+NUSmUxqF+un70P9GXKxa2HCNiTTMJknyjQ==",
      "dev": true
    },
    "use-sync-external-store": {
      "version": "1.2.0",
      "resolved": "https://registry.npmjs.org/use-sync-external-store/-/use-sync-external-store-1.2.0.tgz",
      "integrity": "sha512-eEgnFxGQ1Ife9bzYs6VLi8/4X6CObHMw9Qr9tPY43iKwsPw8xE8+EFsf/2cFZ5S3esXgpWgtSCtLNS41F+sKPA=="
    }
  }
}
